{
  "name": "day004",
  "version": "1.0.0",
  "lockfileVersion": 3,
  "requires": true,
  "packages": {
    "": {
      "name": "day004",
      "version": "1.0.0",
      "license": "ISC",
      "workspaces": [
        "packages/a",
        "packages/b"
      ]
    },
    "node_modules/a": {
      "resolved": "packages/a",
      "link": true
    },
    "node_modules/b": {
      "resolved": "packages/b",
      "link": true
    },
    "packages/a": {
      "version": "1.0.0",
      "license": "ISC",
      "devDependencies": {}
    },
    "packages/b": {
      "version": "1.0.0",
      "license": "ISC"
    }
  }
}
